
Microsoft Visual Studio Solution File, Format Version 12.00
# Visual Studio Version 17
VisualStudioVersion = 17.8.34309.116
MinimumVisualStudioVersion = 10.0.40219.1
Project("{2150E333-8FDC-42A3-9474-1A3956D46DE8}") = "FrontEnd", "FrontEnd", "{773A5B57-C703-4F11-943F-FA826CC1DA35}"
EndProject
Project("{2150E333-8FDC-42A3-9474-1A3956D46DE8}") = "Gateway", "Gateway", "{52682A70-10CF-4892-919C-D18B10892D60}"
EndProject
Project("{2150E333-8FDC-42A3-9474-1A3956D46DE8}") = "Integration", "Integration", "{2F51BCCF-A312-4203-BE6C-84E84E0D1AA8}"
EndProject
Project("{2150E333-8FDC-42A3-9474-1A3956D46DE8}") = "Services", "Services", "{5902C16D-67CD-4BC0-9AB5-E4AEDEE4A5D6}"
EndProject
Project("{9A19103F-16F7-4668-BE54-9A1E7A4F7556}") = "Mango.Services.CouponAPI", "Mango.Services.CouponAPI\Mango.Services.CouponAPI.csproj", "{D17CD48F-D92E-4EE6-872A-DEC7CB541B12}"
EndProject
Project("{9A19103F-16F7-4668-BE54-9A1E7A4F7556}") = "Mango.Web", "Mango.Web\Mango.Web.csproj", "{FA096535-546D-49B9-846A-C270E4122A1E}"
EndProject
Project("{9A19103F-16F7-4668-BE54-9A1E7A4F7556}") = "Mango.Services.AuthAPI", "Mango.Services.AuthAPI\Mango.Services.AuthAPI.csproj", "{F531DEBC-41F5-421B-8981-E8E87C75935D}"
EndProject
Project("{9A19103F-16F7-4668-BE54-9A1E7A4F7556}") = "Mango.Services.ProductAPI", "Manago.Services.ProductAPI\Mango.Services.ProductAPI.csproj", "{DBA527E5-F663-44F2-8D0E-F8BCB997B250}"
EndProject
Global
	GlobalSection(SolutionConfigurationPlatforms) = preSolution
		Debug|Any CPU = Debug|Any CPU
		Release|Any CPU = Release|Any CPU
	EndGlobalSection
	GlobalSection(ProjectConfigurationPlatforms) = postSolution
		{D17CD48F-D92E-4EE6-872A-DEC7CB541B12}.Debug|Any CPU.ActiveCfg = Debug|Any CPU
		{D17CD48F-D92E-4EE6-872A-DEC7CB541B12}.Debug|Any CPU.Build.0 = Debug|Any CPU
		{D17CD48F-D92E-4EE6-872A-DEC7CB541B12}.Release|Any CPU.ActiveCfg = Release|Any CPU
		{D17CD48F-D92E-4EE6-872A-DEC7CB541B12}.Release|Any CPU.Build.0 = Release|Any CPU
		{FA096535-546D-49B9-846A-C270E4122A1E}.Debug|Any CPU.ActiveCfg = Debug|Any CPU
		{FA096535-546D-49B9-846A-C270E4122A1E}.Debug|Any CPU.Build.0 = Debug|Any CPU
		{FA096535-546D-49B9-846A-C270E4122A1E}.Release|Any CPU.ActiveCfg = Release|Any CPU
		{FA096535-546D-49B9-846A-C270E4122A1E}.Release|Any CPU.Build.0 = Release|Any CPU
		{F531DEBC-41F5-421B-8981-E8E87C75935D}.Debug|Any CPU.ActiveCfg = Debug|Any CPU
		{F531DEBC-41F5-421B-8981-E8E87C75935D}.Debug|Any CPU.Build.0 = Debug|Any CPU
		{F531DEBC-41F5-421B-8981-E8E87C75935D}.Release|Any CPU.ActiveCfg = Release|Any CPU
		{F531DEBC-41F5-421B-8981-E8E87C75935D}.Release|Any CPU.Build.0 = Release|Any CPU
		{DBA527E5-F663-44F2-8D0E-F8BCB997B250}.Debug|Any CPU.ActiveCfg = Debug|Any CPU
		{DBA527E5-F663-44F2-8D0E-F8BCB997B250}.Debug|Any CPU.Build.0 = Debug|Any CPU
		{DBA527E5-F663-44F2-8D0E-F8BCB997B250}.Release|Any CPU.ActiveCfg = Release|Any CPU
		{DBA527E5-F663-44F2-8D0E-F8BCB997B250}.Release|Any CPU.Build.0 = Release|Any CPU
	EndGlobalSection
	GlobalSection(SolutionProperties) = preSolution
		HideSolutionNode = FALSE
	EndGlobalSection
	GlobalSection(NestedProjects) = preSolution
		{D17CD48F-D92E-4EE6-872A-DEC7CB541B12} = {5902C16D-67CD-4BC0-9AB5-E4AEDEE4A5D6}
		{FA096535-546D-49B9-846A-C270E4122A1E} = {773A5B57-C703-4F11-943F-FA826CC1DA35}
		{F531DEBC-41F5-421B-8981-E8E87C75935D} = {5902C16D-67CD-4BC0-9AB5-E4AEDEE4A5D6}
		{DBA527E5-F663-44F2-8D0E-F8BCB997B250} = {5902C16D-67CD-4BC0-9AB5-E4AEDEE4A5D6}
	EndGlobalSection
	GlobalSection(ExtensibilityGlobals) = postSolution
		SolutionGuid = {4791B612-A702-4D9F-9D82-97E165491F6E}
	EndGlobalSection
EndGlobal
